Microsoft Visual Studio Solution File, Format Version 12.00
# Visual Studio Version 17
VisualStudioVersion = 17.5.2.0
MinimumVisualStudioVersion = 10.0.40219.1
Project("{FAE04EC0-301F-11D3-BF4B-00C04F79EFBC}") = "aiquiz-api", "aiquiz-api\aiquiz-api.csproj", "{DD0D81A5-EFF9-4526-8050-E33236154CF8}"
EndProject
Project("{2150E333-8FDC-42A3-9474-1A3956D46DE8}") = "tests", "tests", "{CB7047BE-6E5F-464A-9DD0-10BB0220A416}"
EndProject
Project("{FAE04EC0-301F-11D3-BF4B-00C04F79EFBC}") = "aiquiz-api-tests", "tests\aiquiz-api-tests\aiquiz-api-tests.csproj", "{B6195613-4191-4E3B-9F4B-7A510DB35545}"
EndProject
Global
	GlobalSection(SolutionConfigurationPlatforms) = preSolution
		Debug|Any CPU = Debug|Any CPU
		Release|Any CPU = Release|Any CPU
	EndGlobalSection
	GlobalSection(ProjectConfigurationPlatforms) = postSolution
		{DD0D81A5-EFF9-4526-8050-E33236154CF8}.Debug|Any CPU.ActiveCfg = Debug|Any CPU
		{DD0D81A5-EFF9-4526-8050-E33236154CF8}.Debug|Any CPU.Build.0 = Debug|Any CPU
		{DD0D81A5-EFF9-4526-8050-E33236154CF8}.Release|Any CPU.ActiveCfg = Release|Any CPU
		{DD0D81A5-EFF9-4526-8050-E33236154CF8}.Release|Any CPU.Build.0 = Release|Any CPU
		{B6195613-4191-4E3B-9F4B-7A510DB35545}.Debug|Any CPU.ActiveCfg = Debug|Any CPU
		{B6195613-4191-4E3B-9F4B-7A510DB35545}.Debug|Any CPU.Build.0 = Debug|Any CPU
		{B6195613-4191-4E3B-9F4B-7A510DB35545}.Release|Any CPU.ActiveCfg = Release|Any CPU
		{B6195613-4191-4E3B-9F4B-7A510DB35545}.Release|Any CPU.Build.0 = Release|Any CPU
	EndGlobalSection
	GlobalSection(SolutionProperties) = preSolution
		HideSolutionNode = FALSE
	EndGlobalSection
	GlobalSection(ExtensibilityGlobals) = postSolution
		SolutionGuid = {9FFE57E3-3939-4A0B-84B2-2ECC217D93F0}
	EndGlobalSection
	GlobalSection(NestedProjects) = preSolution
		{B6195613-4191-4E3B-9F4B-7A510DB35545} = {CB7047BE-6E5F-464A-9DD0-10BB0220A416}
	EndGlobalSection
EndGlobal
