Microsoft Visual Studio Solution File, Format Version 12.00
# Visual Studio Version 17
VisualStudioVersion = 17.5.2.0
MinimumVisualStudioVersion = 10.0.40219.1
Project("{FAE04EC0-301F-11D3-BF4B-00C04F79EFBC}") = "quiz-client", "quiz-client.csproj", "{C5C03446-B450-911D-AF8B-59F4A40CBC5F}"
EndProject
Global
	GlobalSection(SolutionConfigurationPlatforms) = preSolution
		Debug|Any CPU = Debug|Any CPU
		Release|Any CPU = Release|Any CPU
	EndGlobalSection
	GlobalSection(ProjectConfigurationPlatforms) = postSolution
		{C5C03446-B450-911D-AF8B-59F4A40CBC5F}.Debug|Any CPU.ActiveCfg = Debug|Any CPU
		{C5C03446-B450-911D-AF8B-59F4A40CBC5F}.Debug|Any CPU.Build.0 = Debug|Any CPU
		{C5C03446-B450-911D-AF8B-59F4A40CBC5F}.Release|Any CPU.ActiveCfg = Release|Any CPU
		{C5C03446-B450-911D-AF8B-59F4A40CBC5F}.Release|Any CPU.Build.0 = Release|Any CPU
	EndGlobalSection
	GlobalSection(SolutionProperties) = preSolution
		HideSolutionNode = FALSE
	EndGlobalSection
	GlobalSection(ExtensibilityGlobals) = postSolution
		SolutionGuid = {1C7E6F3D-7815-4972-9FBB-28EE1D56BDA3}
	EndGlobalSection
EndGlobal
